Microsoft Visual Studio Solution File, Format Version 12.00
# Visual Studio Version 17
VisualStudioVersion = 17.5.2.0
MinimumVisualStudioVersion = 10.0.40219.1
Project("{2150E333-8FDC-42A3-9474-1A3956D46DE8}") = "EmployeeManagementUI", "EmployeeManagementUI", "{ACD9C311-6D7B-F536-3568-CA64AC3BB0BF}"
EndProject
Project("{FAE04EC0-301F-11D3-BF4B-00C04F79EFBC}") = "EmployeeManagementUI", "EmployeeManagementUI\EmployeeManagementUI\EmployeeManagementUI.csproj", "{AD8138DB-7B72-CDC4-D02B-7B3F8AE12BB3}"
EndProject
Global
	GlobalSection(SolutionConfigurationPlatforms) = preSolution
		Debug|Any CPU = Debug|Any CPU
		Release|Any CPU = Release|Any CPU
	EndGlobalSection
	GlobalSection(ProjectConfigurationPlatforms) = postSolution
		{AD8138DB-7B72-CDC4-D02B-7B3F8AE12BB3}.Debug|Any CPU.ActiveCfg = Debug|Any CPU
		{AD8138DB-7B72-CDC4-D02B-7B3F8AE12BB3}.Debug|Any CPU.Build.0 = Debug|Any CPU
		{AD8138DB-7B72-CDC4-D02B-7B3F8AE12BB3}.Release|Any CPU.ActiveCfg = Release|Any CPU
		{AD8138DB-7B72-CDC4-D02B-7B3F8AE12BB3}.Release|Any CPU.Build.0 = Release|Any CPU
	EndGlobalSection
	GlobalSection(SolutionProperties) = preSolution
		HideSolutionNode = FALSE
	EndGlobalSection
	GlobalSection(NestedProjects) = preSolution
		{AD8138DB-7B72-CDC4-D02B-7B3F8AE12BB3} = {ACD9C311-6D7B-F536-3568-CA64AC3BB0BF}
	EndGlobalSection
	GlobalSection(ExtensibilityGlobals) = postSolution
		SolutionGuid = {B3D6CA49-C353-4A2B-8BC1-AE602684B00A}
	EndGlobalSection
EndGlobal
